
Microsoft Visual Studio Solution File, Format Version 12.00
# Visual Studio Version 17
VisualStudioVersion = 17.13.35828.75 d17.13
MinimumVisualStudioVersion = 10.0.40219.1
Project("{FAE04EC0-301F-11D3-BF4B-00C04F79EFBC}") = "CA3_S00274698_ThiagoBraz", "CA3_S00274698_ThiagoBraz\CA3_S00274698_ThiagoBraz.csproj", "{C7068FB3-9B50-441C-AB67-87F07DB02C6C}"
EndProject
Project("{FAE04EC0-301F-11D3-BF4B-00C04F79EFBC}") = "HotelDataManagement", "HotelDataManagement\HotelDataManagement.csproj", "{216C73A3-F789-4D10-AB7A-145CABD8270D}"
EndProject
Global
	GlobalSection(SolutionConfigurationPlatforms) = preSolution
		Debug|Any CPU = Debug|Any CPU
		Release|Any CPU = Release|Any CPU
	EndGlobalSection
	GlobalSection(ProjectConfigurationPlatforms) = postSolution
		{C7068FB3-9B50-441C-AB67-87F07DB02C6C}.Debug|Any CPU.ActiveCfg = Debug|Any CPU
		{C7068FB3-9B50-441C-AB67-87F07DB02C6C}.Debug|Any CPU.Build.0 = Debug|Any CPU
		{C7068FB3-9B50-441C-AB67-87F07DB02C6C}.Release|Any CPU.ActiveCfg = Release|Any CPU
		{C7068FB3-9B50-441C-AB67-87F07DB02C6C}.Release|Any CPU.Build.0 = Release|Any CPU
		{216C73A3-F789-4D10-AB7A-145CABD8270D}.Debug|Any CPU.ActiveCfg = Debug|Any CPU
		{216C73A3-F789-4D10-AB7A-145CABD8270D}.Debug|Any CPU.Build.0 = Debug|Any CPU
		{216C73A3-F789-4D10-AB7A-145CABD8270D}.Release|Any CPU.ActiveCfg = Release|Any CPU
		{216C73A3-F789-4D10-AB7A-145CABD8270D}.Release|Any CPU.Build.0 = Release|Any CPU
	EndGlobalSection
	GlobalSection(SolutionProperties) = preSolution
		HideSolutionNode = FALSE
	EndGlobalSection
	GlobalSection(ExtensibilityGlobals) = postSolution
		SolutionGuid = {DFBEFF6B-42C8-440C-9CAF-4F6BE22453A8}
	EndGlobalSection
EndGlobal
